// !$*UTF8*$!
{
	archiveVersion = 1;
	classes = {
	};
	objectVersion = 77;
	objects = {

/* Begin PBXBuildFile section */
		2709BA339FB6CCB799D07BA3 /* Pods_testInly.framework in Frameworks */ = {isa = PBXBuildFile; fileRef = 7706CDBC0CEBCED0EAA7BA8F /* Pods_testInly.framework */; };
		284BB7E82D882C2500F92703 /* FavoritesModel.xcdatamodeld in Sources */ = {isa = PBXBuildFile; fileRef = 284BB7E62D882C2500F92703 /* FavoritesModel.xcdatamodeld */; };
		28C7AB3A2D8747C0002B8B3F /* Podfile in Resources */ = {isa = PBXBuildFile; fileRef = 28C7AB392D8747AE002B8B3F /* Podfile */; };
/* End PBXBuildFile section */

/* Begin PBXContainerItemProxy section */
		28C7AAF22D86C182002B8B3F /* PBXContainerItemProxy */ = {
			isa = PBXContainerItemProxy;
			containerPortal = 28C7AAD32D86C181002B8B3F /* Project object */;
			proxyType = 1;
			remoteGlobalIDString = 28C7AADA2D86C181002B8B3F;
			remoteInfo = testInly;
		};
		28C7AAFC2D86C182002B8B3F /* PBXContainerItemProxy */ = {
			isa = PBXContainerItemProxy;
			containerPortal = 28C7AAD32D86C181002B8B3F /* Project object */;
			proxyType = 1;
			remoteGlobalIDString = 28C7AADA2D86C181002B8B3F;
			remoteInfo = testInly;
		};
/* End PBXContainerItemProxy section */

/* Begin PBXFileReference section */
		284BB7E72D882C2500F92703 /* FavoritesModel.xcdatamodel */ = {isa = PBXFileReference; lastKnownFileType = wrapper.xcdatamodel; path = FavoritesModel.xcdatamodel; sourceTree = "<group>"; };
		28C7AADB2D86C181002B8B3F /* testInly.app */ = {isa = PBXFileReference; explicitFileType = wrapper.application; includeInIndex = 0; path = testInly.app; sourceTree = BUILT_PRODUCTS_DIR; };
		28C7AAF12D86C182002B8B3F /* testInlyTests.xctest */ = {isa = PBXFileReference; explicitFileType = wrapper.cfbundle; includeInIndex = 0; path = testInlyTests.xctest; sourceTree = BUILT_PRODUCTS_DIR; };
		28C7AAFB2D86C182002B8B3F /* testInlyUITests.xctest */ = {isa = PBXFileReference; explicitFileType = wrapper.cfbundle; includeInIndex = 0; path = testInlyUITests.xctest; sourceTree = BUILT_PRODUCTS_DIR; };
		28C7AB392D8747AE002B8B3F /* Podfile */ = {isa = PBXFileReference; lastKnownFileType = text; path = Podfile; sourceTree = "<group>"; };
		3EE839576B8A92D3524FEE11 /* Pods-testInly.debug.xcconfig */ = {isa = PBXFileReference; includeInIndex = 1; lastKnownFileType = text.xcconfig; name = "Pods-testInly.debug.xcconfig"; path = "Target Support Files/Pods-testInly/Pods-testInly.debug.xcconfig"; sourceTree = "<group>"; };
		7706CDBC0CEBCED0EAA7BA8F /* Pods_testInly.framework */ = {isa = PBXFileReference; explicitFileType = wrapper.framework; includeInIndex = 0; path = Pods_testInly.framework; sourceTree = BUILT_PRODUCTS_DIR; };
		E92344376C706C0BC98CF23A /* Pods-testInly.release.xcconfig */ = {isa = PBXFileReference; includeInIndex = 1; lastKnownFileType = text.xcconfig; name = "Pods-testInly.release.xcconfig"; path = "Target Support Files/Pods-testInly/Pods-testInly.release.xcconfig"; sourceTree = "<group>"; };
/* End PBXFileReference section */

/* Begin PBXFileSystemSynchronizedBuildFileExceptionSet section */
		28C7AB032D86C182002B8B3F /* Exceptions for "testInly" folder in "testInly" target */ = {
			isa = PBXFileSystemSynchronizedBuildFileExceptionSet;
			membershipExceptions = (
				Info.plist,
			);
			target = 28C7AADA2D86C181002B8B3F /* testInly */;
		};
/* End PBXFileSystemSynchronizedBuildFileExceptionSet section */

/* Begin PBXFileSystemSynchronizedRootGroup section */
		28C7AADD2D86C181002B8B3F /* testInly */ = {
			isa = PBXFileSystemSynchronizedRootGroup;
			exceptions = (
				28C7AB032D86C182002B8B3F /* Exceptions for "testInly" folder in "testInly" target */,
			);
			path = testInly;
			sourceTree = "<group>";
		};
		28C7AAF42D86C182002B8B3F /* testInlyTests */ = {
			isa = PBXFileSystemSynchronizedRootGroup;
			path = testInlyTests;
			sourceTree = "<group>";
		};
		28C7AAFE2D86C182002B8B3F /* testInlyUITests */ = {
			isa = PBXFileSystemSynchronizedRootGroup;
			path = testInlyUITests;
			sourceTree = "<group>";
		};
/* End PBXFileSystemSynchronizedRootGroup section */

/* Begin PBXFrameworksBuildPhase section */
		28C7AAD82D86C181002B8B3F /* Frameworks */ = {
			isa = PBXFrameworksBuildPhase;
			buildActionMask = 2147483647;
			files = (
				2709BA339FB6CCB799D07BA3 /* Pods_testInly.framework in Frameworks */,
			);
			runOnlyForDeploymentPostprocessing = 0;
		};
		28C7AAEE2D86C182002B8B3F /* Frameworks */ = {
			isa = PBXFrameworksBuildPhase;
			buildActionMask = 2147483647;
			files = (
			);
			runOnlyForDeploymentPostprocessing = 0;
		};
		28C7AAF82D86C182002B8B3F /* Frameworks */ = {
			isa = PBXFrameworksBuildPhase;
			buildActionMask = 2147483647;
			files = (
			);
			runOnlyForDeploymentPostprocessing = 0;
		};
/* End PBXFrameworksBuildPhase section */

/* Begin PBXGroup section */
		0E80A07143D5CE8278931F54 /* Frameworks */ = {
			isa = PBXGroup;
			children = (
				7706CDBC0CEBCED0EAA7BA8F /* Pods_testInly.framework */,
			);
			name = Frameworks;
			sourceTree = "<group>";
		};
		28C7AAD22D86C181002B8B3F = {
			isa = PBXGroup;
			children = (
				284BB7E62D882C2500F92703 /* FavoritesModel.xcdatamodeld */,
				28C7AB392D8747AE002B8B3F /* Podfile */,
				28C7AADD2D86C181002B8B3F /* testInly */,
				28C7AAF42D86C182002B8B3F /* testInlyTests */,
				28C7AAFE2D86C182002B8B3F /* testInlyUITests */,
				28C7AADC2D86C181002B8B3F /* Products */,
				5C87927FA4BB5A1C1AE16656 /* Pods */,
				0E80A07143D5CE8278931F54 /* Frameworks */,
			);
			sourceTree = "<group>";
		};
		28C7AADC2D86C181002B8B3F /* Products */ = {
			isa = PBXGroup;
			children = (
				28C7AADB2D86C181002B8B3F /* testInly.app */,
				28C7AAF12D86C182002B8B3F /* testInlyTests.xctest */,
				28C7AAFB2D86C182002B8B3F /* testInlyUITests.xctest */,
			);
			name = Products;
			sourceTree = "<group>";
		};
		5C87927FA4BB5A1C1AE16656 /* Pods */ = {
			isa = PBXGroup;
			children = (
				3EE839576B8A92D3524FEE11 /* Pods-testInly.debug.xcconfig */,
				E92344376C706C0BC98CF23A /* Pods-testInly.release.xcconfig */,
			);
			path = Pods;
			sourceTree = "<group>";
		};
/* End PBXGroup section */

/* Begin PBXNativeTarget section */
		28C7AADA2D86C181002B8B3F /* testInly */ = {
			isa = PBXNativeTarget;
			buildConfigurationList = 28C7AB042D86C182002B8B3F /* Build configuration list for PBXNativeTarget "testInly" */;
			buildPhases = (
				FB36E831A24E375740C11C1A /* [CP] Check Pods Manifest.lock */,
				28C7AAD72D86C181002B8B3F /* Sources */,
				28C7AAD82D86C181002B8B3F /* Frameworks */,
				28C7AAD92D86C181002B8B3F /* Resources */,
				379BDD69F3CD2FBC7B47D66A /* [CP] Embed Pods Frameworks */,
			);
			buildRules = (
			);
			dependencies = (
			);
			fileSystemSynchronizedGroups = (
				28C7AADD2D86C181002B8B3F /* testInly */,
			);
			name = testInly;
			productName = testInly;
			productReference = 28C7AADB2D86C181002B8B3F /* testInly.app */;
			productType = "com.apple.product-type.application";
		};
		28C7AAF02D86C182002B8B3F /* testInlyTests */ = {
			isa = PBXNativeTarget;
			buildConfigurationList = 28C7AB092D86C182002B8B3F /* Build configuration list for PBXNativeTarget "testInlyTests" */;
			buildPhases = (
				28C7AAED2D86C182002B8B3F /* Sources */,
				28C7AAEE2D86C182002B8B3F /* Frameworks */,
				28C7AAEF2D86C182002B8B3F /* Resources */,
			);
			buildRules = (
			);
			dependencies = (
				28C7AAF32D86C182002B8B3F /* PBXTargetDependency */,
			);
			fileSystemSynchronizedGroups = (
				28C7AAF42D86C182002B8B3F /* testInlyTests */,
			);
			name = testInlyTests;
			productName = testInlyTests;
			productReference = 28C7AAF12D86C182002B8B3F /* testInlyTests.xctest */;
			productType = "com.apple.product-type.bundle.unit-test";
		};
		28C7AAFA2D86C182002B8B3F /* testInlyUITests */ = {
			isa = PBXNativeTarget;
			buildConfigurationList = 28C7AB0C2D86C182002B8B3F /* Build configuration list for PBXNativeTarget "testInlyUITests" */;
			buildPhases = (
				28C7AAF72D86C182002B8B3F /* Sources */,
				28C7AAF82D86C182002B8B3F /* Frameworks */,
				28C7AAF92D86C182002B8B3F /* Resources */,
			);
			buildRules = (
			);
			dependencies = (
				28C7AAFD2D86C182002B8B3F /* PBXTargetDependency */,
			);
			fileSystemSynchronizedGroups = (
				28C7AAFE2D86C182002B8B3F /* testInlyUITests */,
			);
			name = testInlyUITests;
			productName = testInlyUITests;
			productReference = 28C7AAFB2D86C182002B8B3F /* testInlyUITests.xctest */;
			productType = "com.apple.product-type.bundle.ui-testing";
		};
/* End PBXNativeTarget section */

/* Begin PBXProject section */
		28C7AAD32D86C181002B8B3F /* Project object */ = {
			isa = PBXProject;
			attributes = {
				BuildIndependentTargetsInParallel = 1;
				LastSwiftUpdateCheck = 1620;
				LastUpgradeCheck = 1620;
				TargetAttributes = {
					28C7AADA2D86C181002B8B3F = {
						CreatedOnToolsVersion = 16.2;
					};
					28C7AAF02D86C182002B8B3F = {
						CreatedOnToolsVersion = 16.2;
						TestTargetID = 28C7AADA2D86C181002B8B3F;
					};
					28C7AAFA2D86C182002B8B3F = {
						CreatedOnToolsVersion = 16.2;
						TestTargetID = 28C7AADA2D86C181002B8B3F;
					};
				};
			};
			buildConfigurationList = 28C7AAD62D86C181002B8B3F /* Build configuration list for PBXProject "testInly" */;
			developmentRegion = en;
			hasScannedForEncodings = 0;
			knownRegions = (
				en,
				Base,
			);
			mainGroup = 28C7AAD22D86C181002B8B3F;
			minimizedProjectReferenceProxies = 1;
			preferredProjectObjectVersion = 77;
			productRefGroup = 28C7AADC2D86C181002B8B3F /* Products */;
			projectDirPath = "";
			projectRoot = "";
			targets = (
				28C7AADA2D86C181002B8B3F /* testInly */,
				28C7AAF02D86C182002B8B3F /* testInlyTests */,
				28C7AAFA2D86C182002B8B3F /* testInlyUITests */,
			);
		};
/* End PBXProject section */

/* Begin PBXResourcesBuildPhase section */
		28C7AAD92D86C181002B8B3F /* Resources */ = {
			isa = PBXResourcesBuildPhase;
			buildActionMask = 2147483647;
			files = (
				28C7AB3A2D8747C0002B8B3F /* Podfile in Resources */,
			);
			runOnlyForDeploymentPostprocessing = 0;
		};
		28C7AAEF2D86C182002B8B3F /* Resources */ = {
			isa = PBXResourcesBuildPhase;
			buildActionMask = 2147483647;
			files = (
			);
			runOnlyForDeploymentPostprocessing = 0;
		};
		28C7AAF92D86C182002B8B3F /* Resources */ = {
			isa = PBXResourcesBuildPhase;
			buildActionMask = 2147483647;
			files = (
			);
			runOnlyForDeploymentPostprocessing = 0;
		};
/* End PBXResourcesBuildPhase section */

/* Begin PBXShellScriptBuildPhase section */
		379BDD69F3CD2FBC7B47D66A /* [CP] Embed Pods Frameworks */ = {
			isa = PBXShellScriptBuildPhase;
			buildActionMask = 2147483647;
			files = (
			);
			inputFileListPaths = (
				"${PODS_ROOT}/Target Support Files/Pods-testInly/Pods-testInly-frameworks-${CONFIGURATION}-input-files.xcfilelist",
			);
			name = "[CP] Embed Pods Frameworks";
			outputFileListPaths = (
				"${PODS_ROOT}/Target Support Files/Pods-testInly/Pods-testInly-frameworks-${CONFIGURATION}-output-files.xcfilelist",
			);
			runOnlyForDeploymentPostprocessing = 0;
			shellPath = /bin/sh;
			shellScript = "\"${PODS_ROOT}/Target Support Files/Pods-testInly/Pods-testInly-frameworks.sh\"\n";
			showEnvVarsInLog = 0;
		};
		FB36E831A24E375740C11C1A /* [CP] Check Pods Manifest.lock */ = {
			isa = PBXShellScriptBuildPhase;
			buildActionMask = 2147483647;
			files = (
			);
			inputFileListPaths = (
			);
			inputPaths = (
				"${PODS_PODFILE_DIR_PATH}/Podfile.lock",
				"${PODS_ROOT}/Manifest.lock",
			);
			name = "[CP] Check Pods Manifest.lock";
			outputFileListPaths = (
			);
			outputPaths = (
				"$(DERIVED_FILE_DIR)/Pods-testInly-checkManifestLockResult.txt",
			);
			runOnlyForDeploymentPostprocessing = 0;
			shellPath = /bin/sh;
			shellScript = "diff \"${PODS_PODFILE_DIR_PATH}/Podfile.lock\" \"${PODS_ROOT}/Manifest.lock\" > /dev/null\nif [ $? != 0 ] ; then\n    # print error to STDERR\n    echo \"error: The sandbox is not in sync with the Podfile.lock. Run 'pod install' or update your CocoaPods installation.\" >&2\n    exit 1\nfi\n# This output is used by Xcode 'outputs' to avoid re-running this script phase.\necho \"SUCCESS\" > \"${SCRIPT_OUTPUT_FILE_0}\"\n";
			showEnvVarsInLog = 0;
		};
/* End PBXShellScriptBuildPhase section */

/* Begin PBXSourcesBuildPhase section */
		28C7AAD72D86C181002B8B3F /* Sources */ = {
			isa = PBXSourcesBuildPhase;
			buildActionMask = 2147483647;
			files = (
				284BB7E82D882C2500F92703 /* FavoritesModel.xcdatamodeld in Sources */,
			);
			runOnlyForDeploymentPostprocessing = 0;
		};
		28C7AAED2D86C182002B8B3F /* Sources */ = {
			isa = PBXSourcesBuildPhase;
			buildActionMask = 2147483647;
			files = (
			);
			runOnlyForDeploymentPostprocessing = 0;
		};
		28C7AAF72D86C182002B8B3F /* Sources */ = {
			isa = PBXSourcesBuildPhase;
			buildActionMask = 2147483647;
			files = (
			);
			runOnlyForDeploymentPostprocessing = 0;
		};
/* End PBXSourcesBuildPhase section */

/* Begin PBXTargetDependency section */
		28C7AAF32D86C182002B8B3F /* PBXTargetDependency */ = {
			isa = PBXTargetDependency;
			target = 28C7AADA2D86C181002B8B3F /* testInly */;
			targetProxy = 28C7AAF22D86C182002B8B3F /* PBXContainerItemProxy */;
		};
		28C7AAFD2D86C182002B8B3F /* PBXTargetDependency */ = {
			isa = PBXTargetDependency;
			target = 28C7AADA2D86C181002B8B3F /* testInly */;
			targetProxy = 28C7AAFC2D86C182002B8B3F /* PBXContainerItemProxy */;
		};
/* End PBXTargetDependency section */

/* Begin XCBuildConfiguration section */
		28C7AB052D86C182002B8B3F /* Debug */ = {
			isa = XCBuildConfiguration;
			baseConfigurationReference = 3EE839576B8A92D3524FEE11 /* Pods-testInly.debug.xcconfig */;
			buildSettings = {
				ASSETCATALOG_COMPILER_APPICON_NAME = AppIcon;
				ASSETCATALOG_COMPILER_GLOBAL_ACCENT_COLOR_NAME = AccentColor;
				CODE_SIGN_STYLE = Automatic;
				CURRENT_PROJECT_VERSION = 1;
				ENABLE_USER_SCRIPT_SANDBOXING = NO;
				GENERATE_INFOPLIST_FILE = YES;
				INFOPLIST_FILE = testInly/Info.plist;
				INFOPLIST_KEY_UIApplicationSupportsIndirectInputEvents = YES;
				INFOPLIST_KEY_UILaunchStoryboardName = LaunchScreen;
				INFOPLIST_KEY_UIMainStoryboardFile = "";
				INFOPLIST_KEY_UISupportedInterfaceOrientations_iPad = "UIInterfaceOrientationPortrait UIInterfaceOrientationPortraitUpsideDown UIInterfaceOrientationLandscapeLeft UIInterfaceOrientationLandscapeRight";
				INFOPLIST_KEY_UISupportedInterfaceOrientations_iPhone = "UIInterfaceOrientationPortrait UIInterfaceOrientationLandscapeLeft UIInterfaceOrientationLandscapeRight";
				IPHONEOS_DEPLOYMENT_TARGET = 15.6;
				LD_RUNPATH_SEARCH_PATHS = (
					"$(inherited)",
					"@executable_path/Frameworks",
				);
				MARKETING_VERSION = 1.0;
				PRODUCT_BUNDLE_IDENTIFIER = staple.testInly;
				PRODUCT_NAME = "$(TARGET_NAME)";
				SWIFT_EMIT_LOC_STRINGS = YES;
				SWIFT_VERSION = 5.0;
				TARGETED_DEVICE_FAMILY = "1,2";
			};
			name = Debug;
		};
		28C7AB062D86C182002B8B3F /* Release */ = {
			isa = XCBuildConfiguration;
			baseConfigurationReference = E92344376C706C0BC98CF23A /* Pods-testInly.release.xcconfig */;
			buildSettings = {
				ASSETCATALOG_COMPILER_APPICON_NAME = AppIcon;
				ASSETCATALOG_COMPILER_GLOBAL_ACCENT_COLOR_NAME = AccentColor;
				CODE_SIGN_STYLE = Automatic;
				CURRENT_PROJECT_VERSION = 1;
				ENABLE_USER_SCRIPT_SANDBOXING = NO;
				GENERATE_INFOPLIST_FILE = YES;
				INFOPLIST_FILE = testInly/Info.plist;
				INFOPLIST_KEY_UIApplicationSupportsIndirectInputEvents = YES;
				INFOPLIST_KEY_UILaunchStoryboardName = LaunchScreen;
				INFOPLIST_KEY_UIMainStoryboardFile = "";
				INFOPLIST_KEY_UISupportedInterfaceOrientations_iPad = "UIInterfaceOrientationPortrait UIInterfaceOrientationPortraitUpsideDown UIInterfaceOrientationLandscapeLeft UIInterfaceOrientationLandscapeRight";
				INFOPLIST_KEY_UISupportedInterfaceOrientations_iPhone = "UIInterfaceOrientationPortrait UIInterfaceOrientationLandscapeLeft UIInterfaceOrientationLandscapeRight";
				IPHONEOS_DEPLOYMENT_TARGET = 15.6;
				LD_RUNPATH_SEARCH_PATHS = (
					"$(inherited)",
					"@executable_path/Frameworks",
				);
				MARKETING_VERSION = 1.0;
				PRODUCT_BUNDLE_IDENTIFIER = staple.testInly;
				PRODUCT_NAME = "$(TARGET_NAME)";
				SWIFT_EMIT_LOC_STRINGS = YES;
				SWIFT_VERSION = 5.0;
				TARGETED_DEVICE_FAMILY = "1,2";
			};
			name = Release;
		};
		28C7AB072D86C182002B8B3F /* Debug */ = {
			isa = XCBuildConfiguration;
			buildSettings = {
				ALWAYS_SEARCH_USER_PATHS = NO;
				ASSETCATALOG_COMPILER_GENERATE_SWIFT_ASSET_SYMBOL_EXTENSIONS = YES;
				CLANG_ANALYZER_NONNULL = YES;
				CLANG_ANALYZER_NUMBER_OBJECT_CONVERSION = YES_AGGRESSIVE;
				CLANG_CXX_LANGUAGE_STANDARD = "gnu++20";
				CLANG_ENABLE_MODULES = YES;
				CLANG_ENABLE_OBJC_ARC = YES;
				CLANG_ENABLE_OBJC_WEAK = YES;
				CLANG_WARN_BLOCK_CAPTURE_AUTORELEASING = YES;
				CLANG_WARN_BOOL_CONVERSION = YES;
				CLANG_WARN_COMMA = YES;
				CLANG_WARN_CONSTANT_CONVERSION = YES;
				CLANG_WARN_DEPRECATED_OBJC_IMPLEMENTATIONS = YES;
				CLANG_WARN_DIRECT_OBJC_ISA_USAGE = YES_ERROR;
				CLANG_WARN_DOCUMENTATION_COMMENTS = YES;
				CLANG_WARN_EMPTY_BODY = YES;
				CLANG_WARN_ENUM_CONVERSION = YES;
				CLANG_WARN_INFINITE_RECURSION = YES;
				CLANG_WARN_INT_CONVERSION = YES;
				CLANG_WARN_NON_LITERAL_NULL_CONVERSION = YES;
				CLANG_WARN_OBJC_IMPLICIT_RETAIN_SELF = YES;
				CLANG_WARN_OBJC_LITERAL_CONVERSION = YES;
				CLANG_WARN_OBJC_ROOT_CLASS = YES_ERROR;
				CLANG_WARN_QUOTED_INCLUDE_IN_FRAMEWORK_HEADER = YES;
				CLANG_WARN_RANGE_LOOP_ANALYSIS = YES;
				CLANG_WARN_STRICT_PROTOTYPES = YES;
				CLANG_WARN_SUSPICIOUS_MOVE = YES;
				CLANG_WARN_UNGUARDED_AVAILABILITY = YES_AGGRESSIVE;
				CLANG_WARN_UNREACHABLE_CODE = YES;
				CLANG_WARN__DUPLICATE_METHOD_MATCH = YES;
				COPY_PHASE_STRIP = NO;
				DEBUG_INFORMATION_FORMAT = dwarf;
				ENABLE_STRICT_OBJC_MSGSEND = YES;
				ENABLE_TESTABILITY = YES;
				ENABLE_USER_SCRIPT_SANDBOXING = YES;
				GCC_C_LANGUAGE_STANDARD = gnu17;
				GCC_DYNAMIC_NO_PIC = NO;
				GCC_NO_COMMON_BLOCKS = YES;
				GCC_OPTIMIZATION_LEVEL = 0;
				GCC_PREPROCESSOR_DEFINITIONS = (
					"DEBUG=1",
					"$(inherited)",
				);
				GCC_WARN_64_TO_32_BIT_CONVERSION = YES;
				GCC_WARN_ABOUT_RETURN_TYPE = YES_ERROR;
				GCC_WARN_UNDECLARED_SELECTOR = YES;
				GCC_WARN_UNINITIALIZED_AUTOS = YES_AGGRESSIVE;
				GCC_WARN_UNUSED_FUNCTION = YES;
				GCC_WARN_UNUSED_VARIABLE = YES;
				IPHONEOS_DEPLOYMENT_TARGET = 18.2;
				LOCALIZATION_PREFERS_STRING_CATALOGS = YES;
				MTL_ENABLE_DEBUG_INFO = INCLUDE_SOURCE;
				MTL_FAST_MATH = YES;
				ONLY_ACTIVE_ARCH = YES;
				SDKROOT = iphoneos;
				SWIFT_ACTIVE_COMPILATION_CONDITIONS = "DEBUG $(inherited)";
				SWIFT_OPTIMIZATION_LEVEL = "-Onone";
			};
			name = Debug;
		};
		28C7AB082D86C182002B8B3F /* Release */ = {
			isa = XCBuildConfiguration;
			buildSettings = {
				ALWAYS_SEARCH_USER_PATHS = NO;
				ASSETCATALOG_COMPILER_GENERATE_SWIFT_ASSET_SYMBOL_EXTENSIONS = YES;
				CLANG_ANALYZER_NONNULL = YES;
				CLANG_ANALYZER_NUMBER_OBJECT_CONVERSION = YES_AGGRESSIVE;
				CLANG_CXX_LANGUAGE_STANDARD = "gnu++20";
				CLANG_ENABLE_MODULES = YES;
				CLANG_ENABLE_OBJC_ARC = YES;
				CLANG_ENABLE_OBJC_WEAK = YES;
				CLANG_WARN_BLOCK_CAPTURE_AUTORELEASING = YES;
				CLANG_WARN_BOOL_CONVERSION = YES;
				CLANG_WARN_COMMA = YES;
				CLANG_WARN_CONSTANT_CONVERSION = YES;
				CLANG_WARN_DEPRECATED_OBJC_IMPLEMENTATIONS = YES;
				CLANG_WARN_DIRECT_OBJC_ISA_USAGE = YES_ERROR;
				CLANG_WARN_DOCUMENTATION_COMMENTS = YES;
				CLANG_WARN_EMPTY_BODY = YES;
				CLANG_WARN_ENUM_CONVERSION = YES;
				CLANG_WARN_INFINITE_RECURSION = YES;
				CLANG_WARN_INT_CONVERSION = YES;
				CLANG_WARN_NON_LITERAL_NULL_CONVERSION = YES;
				CLANG_WARN_OBJC_IMPLICIT_RETAIN_SELF = YES;
				CLANG_WARN_OBJC_LITERAL_CONVERSION = YES;
				CLANG_WARN_OBJC_ROOT_CLASS = YES_ERROR;
				CLANG_WARN_QUOTED_INCLUDE_IN_FRAMEWORK_HEADER = YES;
				CLANG_WARN_RANGE_LOOP_ANALYSIS = YES;
				CLANG_WARN_STRICT_PROTOTYPES = YES;
				CLANG_WARN_SUSPICIOUS_MOVE = YES;
				CLANG_WARN_UNGUARDED_AVAILABILITY = YES_AGGRESSIVE;
				CLANG_WARN_UNREACHABLE_CODE = YES;
				CLANG_WARN__DUPLICATE_METHOD_MATCH = YES;
				COPY_PHASE_STRIP = NO;
				DEBUG_INFORMATION_FORMAT = "dwarf-with-dsym";
				ENABLE_NS_ASSERTIONS = NO;
				ENABLE_STRICT_OBJC_MSGSEND = YES;
				ENABLE_USER_SCRIPT_SANDBOXING = YES;
				GCC_C_LANGUAGE_STANDARD = gnu17;
				GCC_NO_COMMON_BLOCKS = YES;
				GCC_WARN_64_TO_32_BIT_CONVERSION = YES;
				GCC_WARN_ABOUT_RETURN_TYPE = YES_ERROR;
				GCC_WARN_UNDECLARED_SELECTOR = YES;
				GCC_WARN_UNINITIALIZED_AUTOS = YES_AGGRESSIVE;
				GCC_WARN_UNUSED_FUNCTION = YES;
				GCC_WARN_UNUSED_VARIABLE = YES;
				IPHONEOS_DEPLOYMENT_TARGET = 18.2;
				LOCALIZATION_PREFERS_STRING_CATALOGS = YES;
				MTL_ENABLE_DEBUG_INFO = NO;
				MTL_FAST_MATH = YES;
				SDKROOT = iphoneos;
				SWIFT_COMPILATION_MODE = wholemodule;
				VALIDATE_PRODUCT = YES;
			};
			name = Release;
		};
		28C7AB0A2D86C182002B8B3F /* Debug */ = {
			isa = XCBuildConfiguration;
			buildSettings = {
				BUNDLE_LOADER = "$(TEST_HOST)";
				CODE_SIGN_STYLE = Automatic;
				CURRENT_PROJECT_VERSION = 1;
				GENERATE_INFOPLIST_FILE = YES;
				IPHONEOS_DEPLOYMENT_TARGET = 18.2;
				MARKETING_VERSION = 1.0;
				PRODUCT_BUNDLE_IDENTIFIER = staple.testInlyTests;
				PRODUCT_NAME = "$(TARGET_NAME)";
				SWIFT_EMIT_LOC_STRINGS = NO;
				SWIFT_VERSION = 5.0;
				TARGETED_DEVICE_FAMILY = "1,2";
				TEST_HOST = "$(BUILT_PRODUCTS_DIR)/testInly.app/$(BUNDLE_EXECUTABLE_FOLDER_PATH)/testInly";
			};
			name = Debug;
		};
		28C7AB0B2D86C182002B8B3F /* Release */ = {
			isa = XCBuildConfiguration;
			buildSettings = {
				BUNDLE_LOADER = "$(TEST_HOST)";
				CODE_SIGN_STYLE = Automatic;
				CURRENT_PROJECT_VERSION = 1;
				GENERATE_INFOPLIST_FILE = YES;
				IPHONEOS_DEPLOYMENT_TARGET = 18.2;
				MARKETING_VERSION = 1.0;
				PRODUCT_BUNDLE_IDENTIFIER = staple.testInlyTests;
				PRODUCT_NAME = "$(TARGET_NAME)";
				SWIFT_EMIT_LOC_STRINGS = NO;
				SWIFT_VERSION = 5.0;
				TARGETED_DEVICE_FAMILY = "1,2";
				TEST_HOST = "$(BUILT_PRODUCTS_DIR)/testInly.app/$(BUNDLE_EXECUTABLE_FOLDER_PATH)/testInly";
			};
			name = Release;
		};
		28C7AB0D2D86C182002B8B3F /* Debug */ = {
			isa = XCBuildConfiguration;
			buildSettings = {
				CODE_SIGN_STYLE = Automatic;
				CURRENT_PROJECT_VERSION = 1;
				GENERATE_INFOPLIST_FILE = YES;
				MARKETING_VERSION = 1.0;
				PRODUCT_BUNDLE_IDENTIFIER = staple.testInlyUITests;
				PRODUCT_NAME = "$(TARGET_NAME)";
				SWIFT_EMIT_LOC_STRINGS = NO;
				SWIFT_VERSION = 5.0;
				TARGETED_DEVICE_FAMILY = "1,2";
				TEST_TARGET_NAME = testInly;
			};
			name = Debug;
		};
		28C7AB0E2D86C182002B8B3F /* Release */ = {
			isa = XCBuildConfiguration;
			buildSettings = {
				CODE_SIGN_STYLE = Automatic;
				CURRENT_PROJECT_VERSION = 1;
				GENERATE_INFOPLIST_FILE = YES;
				MARKETING_VERSION = 1.0;
				PRODUCT_BUNDLE_IDENTIFIER = staple.testInlyUITests;
				PRODUCT_NAME = "$(TARGET_NAME)";
				SWIFT_EMIT_LOC_STRINGS = NO;
				SWIFT_VERSION = 5.0;
				TARGETED_DEVICE_FAMILY = "1,2";
				TEST_TARGET_NAME = testInly;
			};
			name = Release;
		};
/* End XCBuildConfiguration section */

/* Begin XCConfigurationList section */
		28C7AAD62D86C181002B8B3F /* Build configuration list for PBXProject "testInly" */ = {
			isa = XCConfigurationList;
			buildConfigurations = (
				28C7AB072D86C182002B8B3F /* Debug */,
				28C7AB082D86C182002B8B3F /* Release */,
			);
			defaultConfigurationIsVisible = 0;
			defaultConfigurationName = Release;
		};
		28C7AB042D86C182002B8B3F /* Build configuration list for PBXNativeTarget "testInly" */ = {
			isa = XCConfigurationList;
			buildConfigurations = (
				28C7AB052D86C182002B8B3F /* Debug */,
				28C7AB062D86C182002B8B3F /* Release */,
			);
			defaultConfigurationIsVisible = 0;
			defaultConfigurationName = Release;
		};
		28C7AB092D86C182002B8B3F /* Build configuration list for PBXNativeTarget "testInlyTests" */ = {
			isa = XCConfigurationList;
			buildConfigurations = (
				28C7AB0A2D86C182002B8B3F /* Debug */,
				28C7AB0B2D86C182002B8B3F /* Release */,
			);
			defaultConfigurationIsVisible = 0;
			defaultConfigurationName = Release;
		};
		28C7AB0C2D86C182002B8B3F /* Build configuration list for PBXNativeTarget "testInlyUITests" */ = {
			isa = XCConfigurationList;
			buildConfigurations = (
				28C7AB0D2D86C182002B8B3F /* Debug */,
				28C7AB0E2D86C182002B8B3F /* Release */,
			);
			defaultConfigurationIsVisible = 0;
			defaultConfigurationName = Release;
		};
/* End XCConfigurationList section */

/* Begin XCVersionGroup section */
		284BB7E62D882C2500F92703 /* FavoritesModel.xcdatamodeld */ = {
			isa = XCVersionGroup;
			children = (
				284BB7E72D882C2500F92703 /* FavoritesModel.xcdatamodel */,
			);
			currentVersion = 284BB7E72D882C2500F92703 /* FavoritesModel.xcdatamodel */;
			path = FavoritesModel.xcdatamodeld;
			sourceTree = "<group>";
			versionGroupType = wrapper.xcdatamodel;
		};
/* End XCVersionGroup section */
	};
	rootObject = 28C7AAD32D86C181002B8B3F /* Project object */;
}
